
Microsoft Visual Studio Solution File, Format Version 12.00
# Visual Studio Version 17
VisualStudioVersion = 17.10.34707.107
MinimumVisualStudioVersion = 10.0.40219.1
Project("{FAE04EC0-301F-11D3-BF4B-00C04F79EFBC}") = "Assignment03", "Assignment03\Assignment03.csproj", "{FDCB1968-C1D2-423A-BA37-2E01F1FE7D68}"
EndProject
Global
	GlobalSection(SolutionConfigurationPlatforms) = preSolution
		Debug|Any CPU = Debug|Any CPU
		Release|Any CPU = Release|Any CPU
	EndGlobalSection
	GlobalSection(ProjectConfigurationPlatforms) = postSolution
		{FDCB1968-C1D2-423A-BA37-2E01F1FE7D68}.Debug|Any CPU.ActiveCfg = Debug|Any CPU
		{FDCB1968-C1D2-423A-BA37-2E01F1FE7D68}.Debug|Any CPU.Build.0 = Debug|Any CPU
		{FDCB1968-C1D2-423A-BA37-2E01F1FE7D68}.Release|Any CPU.ActiveCfg = Release|Any CPU
		{FDCB1968-C1D2-423A-BA37-2E01F1FE7D68}.Release|Any CPU.Build.0 = Release|Any CPU
	EndGlobalSection
	GlobalSection(SolutionProperties) = preSolution
		HideSolutionNode = FALSE
	EndGlobalSection
	GlobalSection(ExtensibilityGlobals) = postSolution
		SolutionGuid = {8123DE34-0250-46A8-8982-41CD3382230C}
	EndGlobalSection
EndGlobal
